
Microsoft Visual Studio Solution File, Format Version 12.00
Project("{2150E333-8FDC-42A3-9474-1A3956D46DE8}") = "fluxel", "fluxel", "{57D50BBE-44CF-4B6B-B2D0-E4C92355043D}"
EndProject
Project("{2150E333-8FDC-42A3-9474-1A3956D46DE8}") = "Modules", "Modules", "{57D50BBE-44CF-4B6B-B2D0-E4C92355043A}"
EndProject
Project("{FAE04EC0-301F-11D3-BF4B-00C04F79EFBC}") = "fluxel", "fluxel\fluxel.csproj", "{228618F8-B5E3-42F0-B6F5-A23861B6B3F0}"
EndProject
Project("{FAE04EC0-301F-11D3-BF4B-00C04F79EFBC}") = "fluXis", "..\fluXis\fluXis\fluXis.csproj", "{B8B61642-990F-412E-8B63-EA0BE5B7D578}"
EndProject
Project("{FAE04EC0-301F-11D3-BF4B-00C04F79EFBC}") = "fluxel.Startup", "fluxel.Startup\fluxel.Startup.csproj", "{77062E32-F070-4E75-9840-276F6CBE2064}"
EndProject
Project("{FAE04EC0-301F-11D3-BF4B-00C04F79EFBC}") = "fluxel.ScoreSubmission", "fluxel.ScoreSubmission\fluxel.ScoreSubmission.csproj", "{493F215F-3360-4616-8399-0F9E42BCBF0C}"
EndProject
Project("{FAE04EC0-301F-11D3-BF4B-00C04F79EFBC}") = "fluxel.Multiplayer", "fluxel.Multiplayer\fluxel.Multiplayer.csproj", "{9EA4B4EC-F407-4132-9D3B-9494A902081A}"
EndProject
Project("{FAE04EC0-301F-11D3-BF4B-00C04F79EFBC}") = "fluxel.Auth", "fluxel.Auth\fluxel.Auth.csproj", "{51E6E8E6-7DED-455B-BF6A-E7F9EF0F1895}"
EndProject
Project("{FAE04EC0-301F-11D3-BF4B-00C04F79EFBC}") = "fluxel.Social", "fluxel.Social\fluxel.Social.csproj", "{4EEC910F-60B2-4C4B-978B-0DCB279508CE}"
EndProject
Project("{FAE04EC0-301F-11D3-BF4B-00C04F79EFBC}") = "fluxel.FallbackAuth", "fluxel.FallbackAuth\fluxel.FallbackAuth.csproj", "{1C6D9BDE-FFFA-42E0-8ABC-0F79654D9EBC}"
EndProject
Global
	GlobalSection(NestedProjects) = preSolution
		{228618F8-B5E3-42F0-B6F5-A23861B6B3F0} = {57D50BBE-44CF-4B6B-B2D0-E4C92355043D}
		{B8B61642-990F-412E-8B63-EA0BE5B7D578} = {57D50BBE-44CF-4B6B-B2D0-E4C92355043D}
		{77062E32-F070-4E75-9840-276F6CBE2064} = {57D50BBE-44CF-4B6B-B2D0-E4C92355043D}
		
		{493F215F-3360-4616-8399-0F9E42BCBF0C} = {57D50BBE-44CF-4B6B-B2D0-E4C92355043A}
		{9EA4B4EC-F407-4132-9D3B-9494A902081A} = {57D50BBE-44CF-4B6B-B2D0-E4C92355043A}
		{51E6E8E6-7DED-455B-BF6A-E7F9EF0F1895} = {57D50BBE-44CF-4B6B-B2D0-E4C92355043A}
		{4EEC910F-60B2-4C4B-978B-0DCB279508CE} = {57D50BBE-44CF-4B6B-B2D0-E4C92355043A}
		{1C6D9BDE-FFFA-42E0-8ABC-0F79654D9EBC} = {57D50BBE-44CF-4B6B-B2D0-E4C92355043A}
	EndGlobalSection
	GlobalSection(SolutionConfigurationPlatforms) = preSolution
		Debug|Any CPU = Debug|Any CPU
		Release|Any CPU = Release|Any CPU
	EndGlobalSection
	GlobalSection(ProjectConfigurationPlatforms) = postSolution
		{228618F8-B5E3-42F0-B6F5-A23861B6B3F0}.Debug|Any CPU.ActiveCfg = Debug|Any CPU
		{228618F8-B5E3-42F0-B6F5-A23861B6B3F0}.Debug|Any CPU.Build.0 = Debug|Any CPU
		{228618F8-B5E3-42F0-B6F5-A23861B6B3F0}.Release|Any CPU.ActiveCfg = Release|Any CPU
		{228618F8-B5E3-42F0-B6F5-A23861B6B3F0}.Release|Any CPU.Build.0 = Release|Any CPU
		{B8B61642-990F-412E-8B63-EA0BE5B7D578}.Debug|Any CPU.ActiveCfg = Debug|Any CPU
		{B8B61642-990F-412E-8B63-EA0BE5B7D578}.Debug|Any CPU.Build.0 = Debug|Any CPU
		{B8B61642-990F-412E-8B63-EA0BE5B7D578}.Release|Any CPU.ActiveCfg = Release|Any CPU
		{B8B61642-990F-412E-8B63-EA0BE5B7D578}.Release|Any CPU.Build.0 = Release|Any CPU
		{CC6A01F6-47A4-4227-8060-4E7D2904B455}.Debug|Any CPU.ActiveCfg = Debug|Any CPU
		{CC6A01F6-47A4-4227-8060-4E7D2904B455}.Debug|Any CPU.Build.0 = Debug|Any CPU
		{CC6A01F6-47A4-4227-8060-4E7D2904B455}.Release|Any CPU.ActiveCfg = Release|Any CPU
		{CC6A01F6-47A4-4227-8060-4E7D2904B455}.Release|Any CPU.Build.0 = Release|Any CPU
		{1C08C3B6-68DD-474B-8047-196D02F610E3}.Debug|Any CPU.ActiveCfg = Debug|Any CPU
		{1C08C3B6-68DD-474B-8047-196D02F610E3}.Debug|Any CPU.Build.0 = Debug|Any CPU
		{1C08C3B6-68DD-474B-8047-196D02F610E3}.Release|Any CPU.ActiveCfg = Release|Any CPU
		{1C08C3B6-68DD-474B-8047-196D02F610E3}.Release|Any CPU.Build.0 = Release|Any CPU
		{77062E32-F070-4E75-9840-276F6CBE2064}.Debug|Any CPU.ActiveCfg = Debug|Any CPU
		{77062E32-F070-4E75-9840-276F6CBE2064}.Debug|Any CPU.Build.0 = Debug|Any CPU
		{77062E32-F070-4E75-9840-276F6CBE2064}.Release|Any CPU.ActiveCfg = Release|Any CPU
		{77062E32-F070-4E75-9840-276F6CBE2064}.Release|Any CPU.Build.0 = Release|Any CPU
		{493F215F-3360-4616-8399-0F9E42BCBF0C}.Debug|Any CPU.ActiveCfg = Debug|Any CPU
		{493F215F-3360-4616-8399-0F9E42BCBF0C}.Debug|Any CPU.Build.0 = Debug|Any CPU
		{493F215F-3360-4616-8399-0F9E42BCBF0C}.Release|Any CPU.ActiveCfg = Release|Any CPU
		{493F215F-3360-4616-8399-0F9E42BCBF0C}.Release|Any CPU.Build.0 = Release|Any CPU
		{9EA4B4EC-F407-4132-9D3B-9494A902081A}.Debug|Any CPU.ActiveCfg = Debug|Any CPU
		{9EA4B4EC-F407-4132-9D3B-9494A902081A}.Debug|Any CPU.Build.0 = Debug|Any CPU
		{9EA4B4EC-F407-4132-9D3B-9494A902081A}.Release|Any CPU.ActiveCfg = Release|Any CPU
		{9EA4B4EC-F407-4132-9D3B-9494A902081A}.Release|Any CPU.Build.0 = Release|Any CPU
		{51E6E8E6-7DED-455B-BF6A-E7F9EF0F1895}.Debug|Any CPU.ActiveCfg = Debug|Any CPU
		{51E6E8E6-7DED-455B-BF6A-E7F9EF0F1895}.Debug|Any CPU.Build.0 = Debug|Any CPU
		{51E6E8E6-7DED-455B-BF6A-E7F9EF0F1895}.Release|Any CPU.ActiveCfg = Release|Any CPU
		{51E6E8E6-7DED-455B-BF6A-E7F9EF0F1895}.Release|Any CPU.Build.0 = Release|Any CPU
		{4EEC910F-60B2-4C4B-978B-0DCB279508CE}.Debug|Any CPU.ActiveCfg = Debug|Any CPU
		{4EEC910F-60B2-4C4B-978B-0DCB279508CE}.Debug|Any CPU.Build.0 = Debug|Any CPU
		{4EEC910F-60B2-4C4B-978B-0DCB279508CE}.Release|Any CPU.ActiveCfg = Release|Any CPU
		{4EEC910F-60B2-4C4B-978B-0DCB279508CE}.Release|Any CPU.Build.0 = Release|Any CPU
		{1C6D9BDE-FFFA-42E0-8ABC-0F79654D9EBC}.Debug|Any CPU.ActiveCfg = Debug|Any CPU
		{1C6D9BDE-FFFA-42E0-8ABC-0F79654D9EBC}.Debug|Any CPU.Build.0 = Debug|Any CPU
		{1C6D9BDE-FFFA-42E0-8ABC-0F79654D9EBC}.Release|Any CPU.ActiveCfg = Release|Any CPU
		{1C6D9BDE-FFFA-42E0-8ABC-0F79654D9EBC}.Release|Any CPU.Build.0 = Release|Any CPU
	EndGlobalSection
EndGlobal
